<?xml version="1.0" encoding="utf-8"?>
<Project ToolsVersion="4.0" xmlns="http://schemas.microsoft.com/developer/msbuild/2003">
  <ItemGroup>
    <Filter Include="Source Files">
      <UniqueIdentifier>{4FC737F1-C7A5-4376-A066-2A32D752A2FF}</UniqueIdentifier>
      <Extensions>cpp;c;cc;cxx;c++;cppm;ixx;def;odl;idl;hpj;bat;asm;asmx</Extensions>
    </Filter>
    <Filter Include="Header Files">
      <UniqueIdentifier>{93995380-89BD-4b04-88EB-625FBE52EBFB}</UniqueIdentifier>
      <Extensions>h;hh;hpp;hxx;h++;hm;inl;inc;ipp;xsd</Extensions>
    </Filter>
    <Filter Include="Resource Files">
      <UniqueIdentifier>{67DA6AB6-F800-4c08-8B7A-83BB121AAD01}</UniqueIdentifier>
      <Extensions>rc;ico;cur;bmp;dlg;rc2;rct;bin;rgs;gif;jpg;jpeg;jpe;resx;tiff;tif;png;wav;mfcribbon-ms</Extensions>
    </Filter>
    <Filter Include="Header Files\Event_Buffer">
      <UniqueIdentifier>{4de27295-4212-45ac-a135-83fdc33da32f}</UniqueIdentifier>
    </Filter>
    <Filter Include="Enemy">
      <UniqueIdentifier>{46a69e1e-adfd-4570-a9d8-9d3f4ad6b1db}</UniqueIdentifier>
    </Filter>
    <Filter Include="OtherObj">
      <UniqueIdentifier>{b5fc293a-c591-46fb-b5b8-98c781fa5ae5}</UniqueIdentifier>
    </Filter>
    <Filter Include="System">
      <UniqueIdentifier>{e63abbfb-aaad-4b94-8f95-204abe3d490b}</UniqueIdentifier>
    </Filter>
    <Filter Include="Player">
      <UniqueIdentifier>{47697f41-c4c7-40ec-bd71-de1291573041}</UniqueIdentifier>
    </Filter>
    <Filter Include="Player\Tank_Spare_Parts">
      <UniqueIdentifier>{fe6bb8e3-dbf4-463e-91d4-dd70a0bf0df1}</UniqueIdentifier>
    </Filter>
    <Filter Include="Bullet">
      <UniqueIdentifier>{3a9779ca-b0f3-4949-8e07-01683c235cf4}</UniqueIdentifier>
    </Filter>
  </ItemGroup>
  <ItemGroup>
    <ClInclude Include="Animations.h">
      <Filter>System</Filter>
    </ClInclude>
    <ClInclude Include="Camera.h">
      <Filter>System</Filter>
    </ClInclude>
    <ClInclude Include="Game.h">
      <Filter>System</Filter>
    </ClInclude>
    <ClInclude Include="GameObject.h">
      <Filter>System</Filter>
    </ClInclude>
    <ClInclude Include="KeyEventHandler.h">
      <Filter>System</Filter>
    </ClInclude>
    <ClInclude Include="Map.h">
      <Filter>System</Filter>
    </ClInclude>
    <ClInclude Include="PlayScene.h">
      <Filter>System</Filter>
    </ClInclude>
    <ClInclude Include="Textures.h">
      <Filter>System</Filter>
    </ClInclude>
    <ClInclude Include="Utils.h">
      <Filter>System</Filter>
    </ClInclude>
    <ClInclude Include="Scene.h">
      <Filter>System</Filter>
    </ClInclude>
    <ClInclude Include="QuadTree.h">
      <Filter>System</Filter>
    </ClInclude>
    <ClInclude Include="Portal.h">
      <Filter>OtherObj</Filter>
    </ClInclude>
    <ClInclude Include="Sprites.h">
      <Filter>System</Filter>
    </ClInclude>
    <ClInclude Include="MapObj.h">
      <Filter>System</Filter>
    </ClInclude>
    <ClInclude Include="SOPHIA.h">
      <Filter>Player</Filter>
    </ClInclude>
    <ClInclude Include="CEvenType1.h">
      <Filter>Header Files\Event_Buffer</Filter>
    </ClInclude>
    <ClInclude Include="EFFECT.h">
      <Filter>OtherObj</Filter>
    </ClInclude>
    <ClInclude Include="JASON.h">
      <Filter>Player</Filter>
    </ClInclude>
    <ClInclude Include="MapCamera.h">
      <Filter>System</Filter>
    </ClInclude>
    <ClInclude Include="CSTATBAR.h">
      <Filter>OtherObj</Filter>
    </ClInclude>
    <ClInclude Include="Items.h">
      <Filter>Header Files</Filter>
    </ClInclude>
    <ClInclude Include="SMALL_JASON.h">
      <Filter>Player</Filter>
    </ClInclude>
    <ClInclude Include="Interrupt.h">
      <Filter>Enemy</Filter>
    </ClInclude>
    <ClInclude Include="Eyelet.h">
      <Filter>Enemy</Filter>
    </ClInclude>
    <ClInclude Include="CStuka.h">
      <Filter>Enemy</Filter>
    </ClInclude>
    <ClInclude Include="CREDWORM.h">
      <Filter>Enemy</Filter>
    </ClInclude>
    <ClInclude Include="CLaserGuard.h">
      <Filter>Enemy</Filter>
    </ClInclude>
    <ClInclude Include="CGX680S.h">
      <Filter>Enemy</Filter>
    </ClInclude>
    <ClInclude Include="CGX680.h">
      <Filter>Enemy</Filter>
    </ClInclude>
    <ClInclude Include="CDrap.h">
      <Filter>Enemy</Filter>
    </ClInclude>
    <ClInclude Include="CBallCarry.h">
      <Filter>Enemy</Filter>
    </ClInclude>
    <ClInclude Include="CBallbot.h">
      <Filter>Enemy</Filter>
    </ClInclude>
    <ClInclude Include="TURRET.h">
      <Filter>Player\Tank_Spare_Parts</Filter>
    </ClInclude>
    <ClInclude Include="WHEELS.h">
      <Filter>Player\Tank_Spare_Parts</Filter>
    </ClInclude>
    <ClInclude Include="DOOR.h">
      <Filter>Player\Tank_Spare_Parts</Filter>
    </ClInclude>
    <ClInclude Include="BODY.h">
      <Filter>Player\Tank_Spare_Parts</Filter>
    </ClInclude>
    <ClInclude Include="Brick.h">
      <Filter>Bullet</Filter>
    </ClInclude>
    <ClInclude Include="CGRENADE.h">
      <Filter>Bullet</Filter>
    </ClInclude>
    <ClInclude Include="CGX_BULLET.h">
      <Filter>Bullet</Filter>
    </ClInclude>
    <ClInclude Include="CINTERRUPT_BULLET.h">
      <Filter>Bullet</Filter>
    </ClInclude>
    <ClInclude Include="CTANKBULLET.h">
      <Filter>Bullet</Filter>
    </ClInclude>
    <ClInclude Include="CBOOM_BALL_CARRY.h">
      <Filter>Bullet</Filter>
    </ClInclude>
    <ClInclude Include="DRAW.h">
      <Filter>OtherObj</Filter>
    </ClInclude>
    <ClInclude Include="DefinePlayer.h">
      <Filter>Player</Filter>
    </ClInclude>
    <ClInclude Include="CLASERGUARD_BULLET.h">
      <Filter>Bullet</Filter>
    </ClInclude>
    <ClInclude Include="CJASON_BULLET.h">
      <Filter>Bullet</Filter>
    </ClInclude>
    <ClInclude Include="Blue_Brick.h">
      <Filter>OtherObj</Filter>
    </ClInclude>
    <ClInclude Include="small_jason_bullet.h">
      <Filter>Bullet</Filter>
    </ClInclude>
  </ItemGroup>
  <ItemGroup>
    <ClCompile Include="CDrap.cpp">
      <Filter>Enemy</Filter>
    </ClCompile>
    <ClCompile Include="CGX680.cpp">
      <Filter>Enemy</Filter>
    </ClCompile>
    <ClCompile Include="CGX680S.cpp">
      <Filter>Enemy</Filter>
    </ClCompile>
    <ClCompile Include="CLaserGuard.cpp">
      <Filter>Enemy</Filter>
    </ClCompile>
    <ClCompile Include="CStuka.cpp">
      <Filter>Enemy</Filter>
    </ClCompile>
    <ClCompile Include="Eyelet.cpp">
      <Filter>Enemy</Filter>
    </ClCompile>
    <ClCompile Include="Interrupt.cpp">
      <Filter>Enemy</Filter>
    </ClCompile>
    <ClCompile Include="CBallCarry.cpp">
      <Filter>Enemy</Filter>
    </ClCompile>
    <ClCompile Include="CREDWORM.cpp">
      <Filter>Enemy</Filter>
    </ClCompile>
    <ClCompile Include="TURRET.cpp">
      <Filter>Player\Tank_Spare_Parts</Filter>
    </ClCompile>
    <ClCompile Include="BODY.cpp">
      <Filter>Player\Tank_Spare_Parts</Filter>
    </ClCompile>
    <ClCompile Include="WHEELS.cpp">
      <Filter>Player\Tank_Spare_Parts</Filter>
    </ClCompile>
    <ClCompile Include="DOOR.cpp">
      <Filter>Player\Tank_Spare_Parts</Filter>
    </ClCompile>
    <ClCompile Include="CBallbot.cpp">
      <Filter>Enemy</Filter>
    </ClCompile>
    <ClCompile Include="CSTATBAR.cpp">
      <Filter>OtherObj</Filter>
    </ClCompile>
    <ClCompile Include="EFFECT.cpp">
      <Filter>OtherObj</Filter>
    </ClCompile>
    <ClCompile Include="Items.cpp">
      <Filter>OtherObj</Filter>
    </ClCompile>
    <ClCompile Include="Camera.cpp">
      <Filter>System</Filter>
    </ClCompile>
    <ClCompile Include="Animations.cpp">
      <Filter>System</Filter>
    </ClCompile>
    <ClCompile Include="Game.cpp">
      <Filter>System</Filter>
    </ClCompile>
    <ClCompile Include="GameObject.cpp">
      <Filter>System</Filter>
    </ClCompile>
    <ClCompile Include="main.cpp">
      <Filter>System</Filter>
    </ClCompile>
    <ClCompile Include="Map.cpp">
      <Filter>System</Filter>
    </ClCompile>
    <ClCompile Include="MapCamera.cpp">
      <Filter>System</Filter>
    </ClCompile>
    <ClCompile Include="MapObj.cpp">
      <Filter>System</Filter>
    </ClCompile>
    <ClCompile Include="PlayScene.cpp">
      <Filter>System</Filter>
    </ClCompile>
    <ClCompile Include="QuadTree.cpp">
      <Filter>System</Filter>
    </ClCompile>
    <ClCompile Include="Scene.cpp">
      <Filter>System</Filter>
    </ClCompile>
    <ClCompile Include="Sprites.cpp">
      <Filter>System</Filter>
    </ClCompile>
    <ClCompile Include="Textures.cpp">
      <Filter>System</Filter>
    </ClCompile>
    <ClCompile Include="Utils.cpp">
      <Filter>System</Filter>
    </ClCompile>
    <ClCompile Include="SOPHIA.cpp">
      <Filter>Player</Filter>
    </ClCompile>
    <ClCompile Include="JASON.cpp">
      <Filter>Player</Filter>
    </ClCompile>
    <ClCompile Include="SMALL_JASON.cpp">
      <Filter>Player</Filter>
    </ClCompile>
    <ClCompile Include="Brick.cpp">
      <Filter>Bullet</Filter>
    </ClCompile>
    <ClCompile Include="CGRENADE.cpp">
      <Filter>Bullet</Filter>
    </ClCompile>
    <ClCompile Include="CGX_BULLET.cpp">
      <Filter>Bullet</Filter>
    </ClCompile>
    <ClCompile Include="CINTERRUPT_BULLET.cpp">
      <Filter>Bullet</Filter>
    </ClCompile>
    <ClCompile Include="CTANKBULLET.cpp">
      <Filter>Bullet</Filter>
    </ClCompile>
    <ClCompile Include="CBOOM_BALL_CARRY.cpp">
      <Filter>Bullet</Filter>
    </ClCompile>
    <ClCompile Include="DRAW.cpp">
      <Filter>OtherObj</Filter>
    </ClCompile>
    <ClCompile Include="Portal.cpp">
      <Filter>OtherObj</Filter>
    </ClCompile>
    <ClCompile Include="CLASERGUARD_BULLET.cpp">
      <Filter>Bullet</Filter>
    </ClCompile>
    <ClCompile Include="CJASON_BULLET.cpp">
      <Filter>Bullet</Filter>
    </ClCompile>
    <ClCompile Include="Blue_Brick.cpp">
      <Filter>OtherObj</Filter>
    </ClCompile>
    <ClCompile Include="small_jason_bullet.cpp">
      <Filter>Bullet</Filter>
    </ClCompile>
  </ItemGroup>
</Project>