<?xml version="1.0" encoding="utf-8"?>
<Project ToolsVersion="4.0" xmlns="http://schemas.microsoft.com/developer/msbuild/2003">
  <ItemGroup>
    <Filter Include="Source Files">
      <UniqueIdentifier>{4FC737F1-C7A5-4376-A066-2A32D752A2FF}</UniqueIdentifier>
      <Extensions>cpp;c;cc;cxx;c++;cppm;ixx;def;odl;idl;hpj;bat;asm;asmx</Extensions>
    </Filter>
    <Filter Include="Header Files">
      <UniqueIdentifier>{93995380-89BD-4b04-88EB-625FBE52EBFB}</UniqueIdentifier>
      <Extensions>h;hh;hpp;hxx;h++;hm;inl;inc;ipp;xsd</Extensions>
    </Filter>
    <Filter Include="Enemy">
      <UniqueIdentifier>{bce5dbdf-49a0-4b3f-817f-768fdd14efbc}</UniqueIdentifier>
    </Filter>
    <Filter Include="Resource Files">
      <UniqueIdentifier>{67DA6AB6-F800-4c08-8B7A-83BB121AAD01}</UniqueIdentifier>
      <Extensions>rc;ico;cur;bmp;dlg;rc2;rct;bin;rgs;gif;jpg;jpeg;jpe;resx;tiff;tif;png;wav;mfcribbon-ms</Extensions>
    </Filter>
    <Filter Include="System">
      <UniqueIdentifier>{7bf62437-93f7-4ee4-aed4-8877416182fd}</UniqueIdentifier>
    </Filter>
    <Filter Include="Player">
      <UniqueIdentifier>{ed3ba412-9474-479c-886a-e305d7fd9a1e}</UniqueIdentifier>
    </Filter>
    <Filter Include="Obj">
      <UniqueIdentifier>{71139611-cf6d-43f2-b55e-8f60d993e3b2}</UniqueIdentifier>
    </Filter>
    <Filter Include="Bullet">
      <UniqueIdentifier>{231cdbd0-303f-465f-a2d1-736770705bb2}</UniqueIdentifier>
    </Filter>
    <Filter Include="Player\Tank_Spare_Parts">
      <UniqueIdentifier>{41a9cfa6-fa06-425a-aa1e-9c5fd4ac1e5b}</UniqueIdentifier>
    </Filter>
  </ItemGroup>
  <ItemGroup>
    <ClInclude Include="Ball_Carry.h">
      <Filter>Enemy</Filter>
    </ClInclude>
    <ClInclude Include="Ballbot.h">
      <Filter>Enemy</Filter>
    </ClInclude>
    <ClInclude Include="Drap.h">
      <Filter>Enemy</Filter>
    </ClInclude>
    <ClInclude Include="Eyelet.h">
      <Filter>Enemy</Filter>
    </ClInclude>
    <ClInclude Include="GX_680.h">
      <Filter>Enemy</Filter>
    </ClInclude>
    <ClInclude Include="GX_680S.h">
      <Filter>Enemy</Filter>
    </ClInclude>
    <ClInclude Include="Interrupt.h">
      <Filter>Enemy</Filter>
    </ClInclude>
    <ClInclude Include="LaserGuard.h">
      <Filter>Enemy</Filter>
    </ClInclude>
    <ClInclude Include="Stuka.h">
      <Filter>Enemy</Filter>
    </ClInclude>
    <ClInclude Include="Animations.h">
      <Filter>System</Filter>
    </ClInclude>
    <ClInclude Include="Camera.h">
      <Filter>System</Filter>
    </ClInclude>
    <ClInclude Include="Game.h">
      <Filter>System</Filter>
    </ClInclude>
    <ClInclude Include="GameObject.h">
      <Filter>System</Filter>
    </ClInclude>
    <ClInclude Include="KeyEventHandler.h">
      <Filter>System</Filter>
    </ClInclude>
    <ClInclude Include="Map.h">
      <Filter>System</Filter>
    </ClInclude>
    <ClInclude Include="MapObj.h">
      <Filter>System</Filter>
    </ClInclude>
    <ClInclude Include="PlayScene.h">
      <Filter>System</Filter>
    </ClInclude>
    <ClInclude Include="Scene.h">
      <Filter>System</Filter>
    </ClInclude>
    <ClInclude Include="Sprites.h">
      <Filter>System</Filter>
    </ClInclude>
    <ClInclude Include="Textures.h">
      <Filter>System</Filter>
    </ClInclude>
    <ClInclude Include="Utils.h">
      <Filter>System</Filter>
    </ClInclude>
    <ClInclude Include="Brick.h">
      <Filter>Obj</Filter>
    </ClInclude>
    <ClInclude Include="Portal.h">
      <Filter>Obj</Filter>
    </ClInclude>
    <ClInclude Include="SoPhia.h">
      <Filter>Player</Filter>
    </ClInclude>
    <ClInclude Include="DefinePlayer.h">
      <Filter>Player</Filter>
    </ClInclude>
    <ClInclude Include="EffEct.h">
      <Filter>Obj</Filter>
    </ClInclude>
    <ClInclude Include="EvenType.h">
      <Filter>Obj</Filter>
    </ClInclude>
    <ClInclude Include="RedWorm.h">
      <Filter>Enemy</Filter>
    </ClInclude>
    <ClInclude Include="JaSon.h">
      <Filter>Player</Filter>
    </ClInclude>
    <ClInclude Include="Draw.h">
      <Filter>Obj</Filter>
    </ClInclude>
    <ClInclude Include="HP.h">
      <Filter>Obj</Filter>
    </ClInclude>
    <ClInclude Include="Cam.h">
      <Filter>System</Filter>
    </ClInclude>
    <ClInclude Include="Tank_Bullet.h">
      <Filter>Bullet</Filter>
    </ClInclude>
    <ClInclude Include="LaserGuard_Bullet.h">
      <Filter>Bullet</Filter>
    </ClInclude>
    <ClInclude Include="JaSon_Bullet.h">
      <Filter>Bullet</Filter>
    </ClInclude>
    <ClInclude Include="Interrupt_Bullet.h">
      <Filter>Bullet</Filter>
    </ClInclude>
    <ClInclude Include="GX_Bullet.h">
      <Filter>Bullet</Filter>
    </ClInclude>
    <ClInclude Include="Boom_Ball_Carry.h">
      <Filter>Bullet</Filter>
    </ClInclude>
    <ClInclude Include="Grenade.h">
      <Filter>Bullet</Filter>
    </ClInclude>
    <ClInclude Include="Small_JaSon.h">
      <Filter>Player</Filter>
    </ClInclude>
    <ClInclude Include="Body.h">
      <Filter>Player\Tank_Spare_Parts</Filter>
    </ClInclude>
    <ClInclude Include="Door.h">
      <Filter>Player\Tank_Spare_Parts</Filter>
    </ClInclude>
    <ClInclude Include="Turret.h">
      <Filter>Player\Tank_Spare_Parts</Filter>
    </ClInclude>
    <ClInclude Include="Wheel.h">
      <Filter>Player\Tank_Spare_Parts</Filter>
    </ClInclude>
    <ClInclude Include="Blue_Brick.h">
      <Filter>Obj</Filter>
    </ClInclude>
    <ClInclude Include="Drop.h">
      <Filter>Obj</Filter>
    </ClInclude>
  </ItemGroup>
  <ItemGroup>
    <ClCompile Include="Stuka.cpp">
      <Filter>Enemy</Filter>
    </ClCompile>
    <ClCompile Include="LaserGuard.cpp">
      <Filter>Enemy</Filter>
    </ClCompile>
    <ClCompile Include="Interrupt.cpp">
      <Filter>Enemy</Filter>
    </ClCompile>
    <ClCompile Include="GX_680S.cpp">
      <Filter>Enemy</Filter>
    </ClCompile>
    <ClCompile Include="GX_680.cpp">
      <Filter>Enemy</Filter>
    </ClCompile>
    <ClCompile Include="Eyelet.cpp">
      <Filter>Enemy</Filter>
    </ClCompile>
    <ClCompile Include="Ball_Carry.cpp">
      <Filter>Enemy</Filter>
    </ClCompile>
    <ClCompile Include="Ballbot.cpp">
      <Filter>Enemy</Filter>
    </ClCompile>
    <ClCompile Include="Drap.cpp">
      <Filter>Enemy</Filter>
    </ClCompile>
    <ClCompile Include="GameObject.cpp">
      <Filter>System</Filter>
    </ClCompile>
    <ClCompile Include="Animations.cpp">
      <Filter>System</Filter>
    </ClCompile>
    <ClCompile Include="Camera.cpp">
      <Filter>System</Filter>
    </ClCompile>
    <ClCompile Include="Game.cpp">
      <Filter>System</Filter>
    </ClCompile>
    <ClCompile Include="main.cpp">
      <Filter>System</Filter>
    </ClCompile>
    <ClCompile Include="Map.cpp">
      <Filter>System</Filter>
    </ClCompile>
    <ClCompile Include="MapObj.cpp">
      <Filter>System</Filter>
    </ClCompile>
    <ClCompile Include="QuadTree.cpp">
      <Filter>System</Filter>
    </ClCompile>
    <ClCompile Include="Scene.cpp">
      <Filter>System</Filter>
    </ClCompile>
    <ClCompile Include="Sprites.cpp">
      <Filter>System</Filter>
    </ClCompile>
    <ClCompile Include="Textures.cpp">
      <Filter>System</Filter>
    </ClCompile>
    <ClCompile Include="Utils.cpp">
      <Filter>System</Filter>
    </ClCompile>
    <ClCompile Include="Brick.cpp">
      <Filter>Obj</Filter>
    </ClCompile>
    <ClCompile Include="Portal.cpp">
      <Filter>Obj</Filter>
    </ClCompile>
    <ClCompile Include="SoPhia.cpp">
      <Filter>Player</Filter>
    </ClCompile>
    <ClCompile Include="PlayScene.cpp">
      <Filter>System</Filter>
    </ClCompile>
    <ClCompile Include="EffEct.cpp">
      <Filter>Obj</Filter>
    </ClCompile>
    <ClCompile Include="RedWorm.cpp">
      <Filter>Enemy</Filter>
    </ClCompile>
    <ClCompile Include="JaSon.cpp">
      <Filter>Player</Filter>
    </ClCompile>
    <ClCompile Include="Draw.cpp">
      <Filter>Obj</Filter>
    </ClCompile>
    <ClCompile Include="HP.cpp">
      <Filter>Obj</Filter>
    </ClCompile>
    <ClCompile Include="Cam.cpp">
      <Filter>System</Filter>
    </ClCompile>
    <ClCompile Include="Tank_Bullet.cpp">
      <Filter>Bullet</Filter>
    </ClCompile>
    <ClCompile Include="LaserGuard_Bullet.cpp">
      <Filter>Bullet</Filter>
    </ClCompile>
    <ClCompile Include="JaSon_Bullet.cpp">
      <Filter>Bullet</Filter>
    </ClCompile>
    <ClCompile Include="Interrupt_Bullet.cpp">
      <Filter>Bullet</Filter>
    </ClCompile>
    <ClCompile Include="GX_Bullet.cpp">
      <Filter>Bullet</Filter>
    </ClCompile>
    <ClCompile Include="Boom_Ball_Carry.cpp">
      <Filter>Bullet</Filter>
    </ClCompile>
    <ClCompile Include="Grenade.cpp">
      <Filter>Bullet</Filter>
    </ClCompile>
    <ClCompile Include="Small_JaSon.cpp">
      <Filter>Player</Filter>
    </ClCompile>
    <ClCompile Include="Body.cpp">
      <Filter>Player\Tank_Spare_Parts</Filter>
    </ClCompile>
    <ClCompile Include="Door.cpp">
      <Filter>Player\Tank_Spare_Parts</Filter>
    </ClCompile>
    <ClCompile Include="Turret.cpp">
      <Filter>Player\Tank_Spare_Parts</Filter>
    </ClCompile>
    <ClCompile Include="Wheel.cpp">
      <Filter>Player\Tank_Spare_Parts</Filter>
    </ClCompile>
    <ClCompile Include="Blue_Brick.cpp">
      <Filter>Obj</Filter>
    </ClCompile>
    <ClCompile Include="Drop.cpp">
      <Filter>Obj</Filter>
    </ClCompile>
  </ItemGroup>
</Project>